// !$*UTF8*$!
{
	archiveVersion = 1;
	classes = {
	};
	objectVersion = 50;
	objects = {

/* Begin PBXBuildFile section */
		0210BC1D24B2FCF000CFE268 /* AppDelegate.swift in Sources */ = {isa = PBXBuildFile; fileRef = 0210BC1C24B2FCF000CFE268 /* AppDelegate.swift */; };
		0210BC1F24B2FCF000CFE268 /* SceneDelegate.swift in Sources */ = {isa = PBXBuildFile; fileRef = 0210BC1E24B2FCF000CFE268 /* SceneDelegate.swift */; };
		0210BC2124B2FCF000CFE268 /* ViewController.swift in Sources */ = {isa = PBXBuildFile; fileRef = 0210BC2024B2FCF000CFE268 /* ViewController.swift */; };
		0210BC2424B2FCF000CFE268 /* Main.storyboard in Resources */ = {isa = PBXBuildFile; fileRef = 0210BC2224B2FCF000CFE268 /* Main.storyboard */; };
		0210BC2624B2FCF200CFE268 /* Assets.xcassets in Resources */ = {isa = PBXBuildFile; fileRef = 0210BC2524B2FCF200CFE268 /* Assets.xcassets */; };
		0210BC2924B2FCF200CFE268 /* LaunchScreen.storyboard in Resources */ = {isa = PBXBuildFile; fileRef = 0210BC2724B2FCF200CFE268 /* LaunchScreen.storyboard */; };
/* End PBXBuildFile section */

/* Begin PBXFileReference section */
		0210BC1924B2FCF000CFE268 /* 03Fiftygram.app */ = {isa = PBXFileReference; explicitFileType = wrapper.application; includeInIndex = 0; path = 03Fiftygram.app; sourceTree = BUILT_PRODUCTS_DIR; };
		0210BC1C24B2FCF000CFE268 /* AppDelegate.swift */ = {isa = PBXFileReference; lastKnownFileType = sourcecode.swift; path = AppDelegate.swift; sourceTree = "<group>"; };
		0210BC1E24B2FCF000CFE268 /* SceneDelegate.swift */ = {isa = PBXFileReference; lastKnownFileType = sourcecode.swift; path = SceneDelegate.swift; sourceTree = "<group>"; };
		0210BC2024B2FCF000CFE268 /* ViewController.swift */ = {isa = PBXFileReference; lastKnownFileType = sourcecode.swift; path = ViewController.swift; sourceTree = "<group>"; };
		0210BC2324B2FCF000CFE268 /* Base */ = {isa = PBXFileReference; lastKnownFileType = file.storyboard; name = Base; path = Base.lproj/Main.storyboard; sourceTree = "<group>"; };
		0210BC2524B2FCF200CFE268 /* Assets.xcassets */ = {isa = PBXFileReference; lastKnownFileType = folder.assetcatalog; path = Assets.xcassets; sourceTree = "<group>"; };
		0210BC2824B2FCF200CFE268 /* Base */ = {isa = PBXFileReference; lastKnownFileType = file.storyboard; name = Base; path = Base.lproj/LaunchScreen.storyboard; sourceTree = "<group>"; };
		0210BC2A24B2FCF200CFE268 /* Info.plist */ = {isa = PBXFileReference; lastKnownFileType = text.plist.xml; path = Info.plist; sourceTree = "<group>"; };
/* End PBXFileReference section */

/* Begin PBXFrameworksBuildPhase section */
		0210BC1624B2FCF000CFE268 /* Frameworks */ = {
			isa = PBXFrameworksBuildPhase;
			buildActionMask = 2147483647;
			files = (
			);
			runOnlyForDeploymentPostprocessing = 0;
		};
/* End PBXFrameworksBuildPhase section */

/* Begin PBXGroup section */
		0210BC1024B2FCF000CFE268 = {
			isa = PBXGroup;
			children = (
				0210BC1B24B2FCF000CFE268 /* 03Fiftygram */,
				0210BC1A24B2FCF000CFE268 /* Products */,
			);
			sourceTree = "<group>";
		};
		0210BC1A24B2FCF000CFE268 /* Products */ = {
			isa = PBXGroup;
			children = (
				0210BC1924B2FCF000CFE268 /* 03Fiftygram.app */,
			);
			name = Products;
			sourceTree = "<group>";
		};
		0210BC1B24B2FCF000CFE268 /* 03Fiftygram */ = {
			isa = PBXGroup;
			children = (
				0210BC1C24B2FCF000CFE268 /* AppDelegate.swift */,
				0210BC1E24B2FCF000CFE268 /* SceneDelegate.swift */,
				0210BC2024B2FCF000CFE268 /* ViewController.swift */,
				0210BC2224B2FCF000CFE268 /* Main.storyboard */,
				0210BC2524B2FCF200CFE268 /* Assets.xcassets */,
				0210BC2724B2FCF200CFE268 /* LaunchScreen.storyboard */,
				0210BC2A24B2FCF200CFE268 /* Info.plist */,
			);
			path = 03Fiftygram;
			sourceTree = "<group>";
		};
/* End PBXGroup section */

/* Begin PBXNativeTarget section */
		0210BC1824B2FCF000CFE268 /* 03Fiftygram */ = {
			isa = PBXNativeTarget;
			buildConfigurationList = 0210BC2D24B2FCF200CFE268 /* Build configuration list for PBXNativeTarget "03Fiftygram" */;
			buildPhases = (
				0210BC1524B2FCF000CFE268 /* Sources */,
				0210BC1624B2FCF000CFE268 /* Frameworks */,
				0210BC1724B2FCF000CFE268 /* Resources */,
			);
			buildRules = (
			);
			dependencies = (
			);
			name = 03Fiftygram;
			productName = 03Fiftygram;
			productReference = 0210BC1924B2FCF000CFE268 /* 03Fiftygram.app */;
			productType = "com.apple.product-type.application";
		};
/* End PBXNativeTarget section */

/* Begin PBXProject section */
		0210BC1124B2FCF000CFE268 /* Project object */ = {
			isa = PBXProject;
			attributes = {
				LastSwiftUpdateCheck = 1150;
				LastUpgradeCheck = 1150;
				ORGANIZATIONNAME = "Ko Kyaw";
				TargetAttributes = {
					0210BC1824B2FCF000CFE268 = {
						CreatedOnToolsVersion = 11.5;
					};
				};
			};
			buildConfigurationList = 0210BC1424B2FCF000CFE268 /* Build configuration list for PBXProject "03Fiftygram" */;
			compatibilityVersion = "Xcode 9.3";
			developmentRegion = en;
			hasScannedForEncodings = 0;
			knownRegions = (
				en,
				Base,
			);
			mainGroup = 0210BC1024B2FCF000CFE268;
			productRefGroup = 0210BC1A24B2FCF000CFE268 /* Products */;
			projectDirPath = "";
			projectRoot = "";
			targets = (
				0210BC1824B2FCF000CFE268 /* 03Fiftygram */,
			);
		};
/* End PBXProject section */

/* Begin PBXResourcesBuildPhase section */
		0210BC1724B2FCF000CFE268 /* Resources */ = {
			isa = PBXResourcesBuildPhase;
			buildActionMask = 2147483647;
			files = (
				0210BC2924B2FCF200CFE268 /* LaunchScreen.storyboard in Resources */,
				0210BC2624B2FCF200CFE268 /* Assets.xcassets in Resources */,
				0210BC2424B2FCF000CFE268 /* Main.storyboard in Resources */,
			);
			runOnlyForDeploymentPostprocessing = 0;
		};
/* End PBXResourcesBuildPhase section */

/* Begin PBXSourcesBuildPhase section */
		0210BC1524B2FCF000CFE268 /* Sources */ = {
			isa = PBXSourcesBuildPhase;
			buildActionMask = 2147483647;
			files = (
				0210BC2124B2FCF000CFE268 /* ViewController.swift in Sources */,
				0210BC1D24B2FCF000CFE268 /* AppDelegate.swift in Sources */,
				0210BC1F24B2FCF000CFE268 /* SceneDelegate.swift in Sources */,
			);
			runOnlyForDeploymentPostprocessing = 0;
		};
/* End PBXSourcesBuildPhase section */

/* Begin PBXVariantGroup section */
		0210BC2224B2FCF000CFE268 /* Main.storyboard */ = {
			isa = PBXVariantGroup;
			children = (
				0210BC2324B2FCF000CFE268 /* Base */,
			);
			name = Main.storyboard;
			sourceTree = "<group>";
		};
		0210BC2724B2FCF200CFE268 /* LaunchScreen.storyboard */ = {
			isa = PBXVariantGroup;
			children = (
				0210BC2824B2FCF200CFE268 /* Base */,
			);
			name = LaunchScreen.storyboard;
			sourceTree = "<group>";
		};
/* End PBXVariantGroup section */

/* Begin XCBuildConfiguration section */
		0210BC2B24B2FCF200CFE268 /* Debug */ = {
			isa = XCBuildConfiguration;
			buildSettings = {
				ALWAYS_SEARCH_USER_PATHS = NO;
				CLANG_ANALYZER_NONNULL = YES;
				CLANG_ANALYZER_NUMBER_OBJECT_CONVERSION = YES_AGGRESSIVE;
				CLANG_CXX_LANGUAGE_STANDARD = "gnu++14";
				CLANG_CXX_LIBRARY = "libc++";
				CLANG_ENABLE_MODULES = YES;
				CLANG_ENABLE_OBJC_ARC = YES;
				CLANG_ENABLE_OBJC_WEAK = YES;
				CLANG_WARN_BLOCK_CAPTURE_AUTORELEASING = YES;
				CLANG_WARN_BOOL_CONVERSION = YES;
				CLANG_WARN_COMMA = YES;
				CLANG_WARN_CONSTANT_CONVERSION = YES;
				CLANG_WARN_DEPRECATED_OBJC_IMPLEMENTATIONS = YES;
				CLANG_WARN_DIRECT_OBJC_ISA_USAGE = YES_ERROR;
				CLANG_WARN_DOCUMENTATION_COMMENTS = YES;
				CLANG_WARN_EMPTY_BODY = YES;
				CLANG_WARN_ENUM_CONVERSION = YES;
				CLANG_WARN_INFINITE_RECURSION = YES;
				CLANG_WARN_INT_CONVERSION = YES;
				CLANG_WARN_NON_LITERAL_NULL_CONVERSION = YES;
				CLANG_WARN_OBJC_IMPLICIT_RETAIN_SELF = YES;
				CLANG_WARN_OBJC_LITERAL_CONVERSION = YES;
				CLANG_WARN_OBJC_ROOT_CLASS = YES_ERROR;
				CLANG_WARN_RANGE_LOOP_ANALYSIS = YES;
				CLANG_WARN_STRICT_PROTOTYPES = YES;
				CLANG_WARN_SUSPICIOUS_MOVE = YES;
				CLANG_WARN_UNGUARDED_AVAILABILITY = YES_AGGRESSIVE;
				CLANG_WARN_UNREACHABLE_CODE = YES;
				CLANG_WARN__DUPLICATE_METHOD_MATCH = YES;
				COPY_PHASE_STRIP = NO;
				DEBUG_INFORMATION_FORMAT = dwarf;
				ENABLE_STRICT_OBJC_MSGSEND = YES;
				ENABLE_TESTABILITY = YES;
				GCC_C_LANGUAGE_STANDARD = gnu11;
				GCC_DYNAMIC_NO_PIC = NO;
				GCC_NO_COMMON_BLOCKS = YES;
				GCC_OPTIMIZATION_LEVEL = 0;
				GCC_PREPROCESSOR_DEFINITIONS = (
					"DEBUG=1",
					"$(inherited)",
				);
				GCC_WARN_64_TO_32_BIT_CONVERSION = YES;
				GCC_WARN_ABOUT_RETURN_TYPE = YES_ERROR;
				GCC_WARN_UNDECLARED_SELECTOR = YES;
				GCC_WARN_UNINITIALIZED_AUTOS = YES_AGGRESSIVE;
				GCC_WARN_UNUSED_FUNCTION = YES;
				GCC_WARN_UNUSED_VARIABLE = YES;
				IPHONEOS_DEPLOYMENT_TARGET = 13.5;
				MTL_ENABLE_DEBUG_INFO = INCLUDE_SOURCE;
				MTL_FAST_MATH = YES;
				ONLY_ACTIVE_ARCH = YES;
				SDKROOT = iphoneos;
				SWIFT_ACTIVE_COMPILATION_CONDITIONS = DEBUG;
				SWIFT_OPTIMIZATION_LEVEL = "-Onone";
			};
			name = Debug;
		};
		0210BC2C24B2FCF200CFE268 /* Release */ = {
			isa = XCBuildConfiguration;
			buildSettings = {
				ALWAYS_SEARCH_USER_PATHS = NO;
				CLANG_ANALYZER_NONNULL = YES;
				CLANG_ANALYZER_NUMBER_OBJECT_CONVERSION = YES_AGGRESSIVE;
				CLANG_CXX_LANGUAGE_STANDARD = "gnu++14";
				CLANG_CXX_LIBRARY = "libc++";
				CLANG_ENABLE_MODULES = YES;
				CLANG_ENABLE_OBJC_ARC = YES;
				CLANG_ENABLE_OBJC_WEAK = YES;
				CLANG_WARN_BLOCK_CAPTURE_AUTORELEASING = YES;
				CLANG_WARN_BOOL_CONVERSION = YES;
				CLANG_WARN_COMMA = YES;
				CLANG_WARN_CONSTANT_CONVERSION = YES;
				CLANG_WARN_DEPRECATED_OBJC_IMPLEMENTATIONS = YES;
				CLANG_WARN_DIRECT_OBJC_ISA_USAGE = YES_ERROR;
				CLANG_WARN_DOCUMENTATION_COMMENTS = YES;
				CLANG_WARN_EMPTY_BODY = YES;
				CLANG_WARN_ENUM_CONVERSION = YES;
				CLANG_WARN_INFINITE_RECURSION = YES;
				CLANG_WARN_INT_CONVERSION = YES;
				CLANG_WARN_NON_LITERAL_NULL_CONVERSION = YES;
				CLANG_WARN_OBJC_IMPLICIT_RETAIN_SELF = YES;
				CLANG_WARN_OBJC_LITERAL_CONVERSION = YES;
				CLANG_WARN_OBJC_ROOT_CLASS = YES_ERROR;
				CLANG_WARN_RANGE_LOOP_ANALYSIS = YES;
				CLANG_WARN_STRICT_PROTOTYPES = YES;
				CLANG_WARN_SUSPICIOUS_MOVE = YES;
				CLANG_WARN_UNGUARDED_AVAILABILITY = YES_AGGRESSIVE;
				CLANG_WARN_UNREACHABLE_CODE = YES;
				CLANG_WARN__DUPLICATE_METHOD_MATCH = YES;
				COPY_PHASE_STRIP = NO;
				DEBUG_INFORMATION_FORMAT = "dwarf-with-dsym";
				ENABLE_NS_ASSERTIONS = NO;
				ENABLE_STRICT_OBJC_MSGSEND = YES;
				GCC_C_LANGUAGE_STANDARD = gnu11;
				GCC_NO_COMMON_BLOCKS = YES;
				GCC_WARN_64_TO_32_BIT_CONVERSION = YES;
				GCC_WARN_ABOUT_RETURN_TYPE = YES_ERROR;
				GCC_WARN_UNDECLARED_SELECTOR = YES;
				GCC_WARN_UNINITIALIZED_AUTOS = YES_AGGRESSIVE;
				GCC_WARN_UNUSED_FUNCTION = YES;
				GCC_WARN_UNUSED_VARIABLE = YES;
				IPHONEOS_DEPLOYMENT_TARGET = 13.5;
				MTL_ENABLE_DEBUG_INFO = NO;
				MTL_FAST_MATH = YES;
				SDKROOT = iphoneos;
				SWIFT_COMPILATION_MODE = wholemodule;
				SWIFT_OPTIMIZATION_LEVEL = "-O";
				VALIDATE_PRODUCT = YES;
			};
			name = Release;
		};
		0210BC2E24B2FCF200CFE268 /* Debug */ = {
			isa = XCBuildConfiguration;
			buildSettings = {
				ASSETCATALOG_COMPILER_APPICON_NAME = AppIcon;
				CODE_SIGN_STYLE = Automatic;
				INFOPLIST_FILE = 03Fiftygram/Info.plist;
				LD_RUNPATH_SEARCH_PATHS = (
					"$(inherited)",
					"@executable_path/Frameworks",
				);
				PRODUCT_BUNDLE_IDENTIFIER = "com.kyaw.-3Fiftygram";
				PRODUCT_NAME = "$(TARGET_NAME)";
				SWIFT_VERSION = 5.0;
				TARGETED_DEVICE_FAMILY = "1,2";
			};
			name = Debug;
		};
		0210BC2F24B2FCF200CFE268 /* Release */ = {
			isa = XCBuildConfiguration;
			buildSettings = {
				ASSETCATALOG_COMPILER_APPICON_NAME = AppIcon;
				CODE_SIGN_STYLE = Automatic;
				INFOPLIST_FILE = 03Fiftygram/Info.plist;
				LD_RUNPATH_SEARCH_PATHS = (
					"$(inherited)",
					"@executable_path/Frameworks",
				);
				PRODUCT_BUNDLE_IDENTIFIER = "com.kyaw.-3Fiftygram";
				PRODUCT_NAME = "$(TARGET_NAME)";
				SWIFT_VERSION = 5.0;
				TARGETED_DEVICE_FAMILY = "1,2";
			};
			name = Release;
		};
/* End XCBuildConfiguration section */

/* Begin XCConfigurationList section */
		0210BC1424B2FCF000CFE268 /* Build configuration list for PBXProject "03Fiftygram" */ = {
			isa = XCConfigurationList;
			buildConfigurations = (
				0210BC2B24B2FCF200CFE268 /* Debug */,
				0210BC2C24B2FCF200CFE268 /* Release */,
			);
			defaultConfigurationIsVisible = 0;
			defaultConfigurationName = Release;
		};
		0210BC2D24B2FCF200CFE268 /* Build configuration list for PBXNativeTarget "03Fiftygram" */ = {
			isa = XCConfigurationList;
			buildConfigurations = (
				0210BC2E24B2FCF200CFE268 /* Debug */,
				0210BC2F24B2FCF200CFE268 /* Release */,
			);
			defaultConfigurationIsVisible = 0;
			defaultConfigurationName = Release;
		};
/* End XCConfigurationList section */
	};
	rootObject = 0210BC1124B2FCF000CFE268 /* Project object */;
}
